
Microsoft Visual Studio Solution File, Format Version 12.00
# Visual Studio Version 17
VisualStudioVersion = 17.11.35327.3
MinimumVisualStudioVersion = 10.0.40219.1
Project("{9A19103F-16F7-4668-BE54-9A1E7A4F7556}") = "HelloWorld", "HelloWorld\HelloWorld.csproj", "{A550A6AD-DA12-4BF0-BCD6-2B0D638C864C}"
EndProject
Project("{9A19103F-16F7-4668-BE54-9A1E7A4F7556}") = "DataTypes", "DataTypes\DataTypes.csproj", "{F2476DA6-7D41-4332-8E66-03D12420142F}"
EndProject
Project("{9A19103F-16F7-4668-BE54-9A1E7A4F7556}") = "OutputApp", "OutputApp\OutputApp.csproj", "{09D50348-52D7-4588-B3C0-0AEDDBAF48C8}"
EndProject
Project("{9A19103F-16F7-4668-BE54-9A1E7A4F7556}") = "ReadApp", "ReadApp\ReadApp.csproj", "{B3E6256F-F852-4944-A37B-5A348D443EE8}"
EndProject
Project("{9A19103F-16F7-4668-BE54-9A1E7A4F7556}") = "ArgsApp", "ArgsApp\ArgsApp.csproj", "{D35ACFD4-5A9E-4785-BA1B-D807D3DBFC26}"
EndProject
Project("{9A19103F-16F7-4668-BE54-9A1E7A4F7556}") = "ExpressionsApp", "ExpressionsApp\ExpressionsApp.csproj", "{EDB6963B-1142-4309-81B7-B8D5F4A65993}"
EndProject
Project("{9A19103F-16F7-4668-BE54-9A1E7A4F7556}") = "FactorialApp", "FactorialApp\FactorialApp.csproj", "{10E97271-6829-4558-94DA-F05B87368042}"
EndProject
Project("{9A19103F-16F7-4668-BE54-9A1E7A4F7556}") = "FiboIterativeApp", "FiboIterativeApp\FiboIterativeApp.csproj", "{AD09E18D-6DFE-46A9-A0DF-558699561C07}"
EndProject
Project("{9A19103F-16F7-4668-BE54-9A1E7A4F7556}") = "FiboRecursive", "FiboRecursive\FiboRecursive.csproj", "{CC2D1767-7663-4F4D-93BB-6BC848DB7949}"
EndProject
Project("{9A19103F-16F7-4668-BE54-9A1E7A4F7556}") = "FiboWithArray", "FiboWithArray\FiboWithArray.csproj", "{23C2F8CF-4CAF-4962-978A-AB7DDEAFD23C}"
EndProject
Project("{9A19103F-16F7-4668-BE54-9A1E7A4F7556}") = "IgnoreNegatives", "IgnoreNegatives\IgnoreNegatives.csproj", "{4371D1E1-09E3-4905-9087-D6A945304D1F}"
EndProject
Project("{9A19103F-16F7-4668-BE54-9A1E7A4F7556}") = "PowerApp", "PowerApp\PowerApp.csproj", "{97AAA711-88B2-4B4C-9E72-202CD907809C}"
EndProject
Project("{9A19103F-16F7-4668-BE54-9A1E7A4F7556}") = "PrimesApp", "PrimesApp\PrimesApp.csproj", "{57BCB033-B441-41B1-8DCC-0279B0827E33}"
EndProject
Project("{9A19103F-16F7-4668-BE54-9A1E7A4F7556}") = "RightTriangleApp", "RightTriangleApp\RightTriangleApp.csproj", "{DDFBA3A7-3D8B-4ACA-9B33-71CBD77FEA71}"
EndProject
Project("{9A19103F-16F7-4668-BE54-9A1E7A4F7556}") = "ArraysOneDim", "ArraysOneDim\ArraysOneDim.csproj", "{05B99C6C-DFF6-4DCD-AA50-3F833811D12A}"
EndProject
Project("{9A19103F-16F7-4668-BE54-9A1E7A4F7556}") = "Max2x2App", "Max2x2App\Max2x2App.csproj", "{CA258EE6-1014-4F4A-8BF2-CA56EA43C4A4}"
EndProject
Project("{9A19103F-16F7-4668-BE54-9A1E7A4F7556}") = "ArraysTwoDim", "ArraysTwoDim\ArraysTwoDim.csproj", "{6D64BF57-A468-4606-A624-E1D77BFE5094}"
EndProject
Project("{9A19103F-16F7-4668-BE54-9A1E7A4F7556}") = "StringApp", "StringApp\StringApp.csproj", "{2C61764C-E135-4735-B456-08A870C49AB5}"
EndProject
Project("{9A19103F-16F7-4668-BE54-9A1E7A4F7556}") = "NullableStrings", "NullableStrings\NullableStrings.csproj", "{2EA25FB1-C522-4651-9809-284E75B2C3D8}"
EndProject
Project("{9A19103F-16F7-4668-BE54-9A1E7A4F7556}") = "RegEx", "RegEx\RegEx.csproj", "{90BDCB73-9C9E-4F0B-B808-DAD456ABC7E6}"
EndProject
Project("{9A19103F-16F7-4668-BE54-9A1E7A4F7556}") = "GradesApp", "GradesApp\GradesApp.csproj", "{975A297F-CAFD-4A69-96D3-79190C32CC44}"
EndProject
Project("{9A19103F-16F7-4668-BE54-9A1E7A4F7556}") = "SwapApp", "SwapApp\SwapApp.csproj", "{49722093-84ED-4070-A76D-64C7713AF9A8}"
EndProject
Project("{9A19103F-16F7-4668-BE54-9A1E7A4F7556}") = "ParamsApp", "ParamsApp\ParamsApp.csproj", "{58A425CF-0FE5-4A80-AE7D-437A1AF32644}"
EndProject
Project("{9A19103F-16F7-4668-BE54-9A1E7A4F7556}") = "OptionalParams", "OptionalParams\OptionalParams.csproj", "{C8BF3B7B-E6BB-4CDD-8C02-07F8FBAACE0A}"
EndProject
Project("{9A19103F-16F7-4668-BE54-9A1E7A4F7556}") = "MethodOverload", "MethodOverload\MethodOverload.csproj", "{94CEE437-A4D3-4DEF-A886-7DD9B98130C1}"
EndProject
Project("{9A19103F-16F7-4668-BE54-9A1E7A4F7556}") = "OOApp", "OOApp\OOApp.csproj", "{9063F42B-60AC-43D1-89A4-B60FD81E6A65}"
EndProject
Project("{9A19103F-16F7-4668-BE54-9A1E7A4F7556}") = "AccountApp", "AccountApp\AccountApp.csproj", "{76D93FCF-76BB-47E0-8FFF-CFC558BB3F38}"
EndProject
Project("{9A19103F-16F7-4668-BE54-9A1E7A4F7556}") = "PointApp", "PointApp\PointApp.csproj", "{2A2DE3A5-3E23-4010-8EC0-58FEAB6888E1}"
EndProject
Project("{9A19103F-16F7-4668-BE54-9A1E7A4F7556}") = "CopyingApp", "CopyingApp\CopyingApp.csproj", "{5D5DD90D-A6DD-401E-B601-D312E2AE2B16}"
EndProject
Project("{9A19103F-16F7-4668-BE54-9A1E7A4F7556}") = "Fraction", "Fraction\Fraction.csproj", "{30E09694-9CA4-4F9F-9E7A-F45A8605CC00}"
EndProject
Project("{9A19103F-16F7-4668-BE54-9A1E7A4F7556}") = "InterfacesApp", "InterfacesApp\InterfacesApp.csproj", "{C69C2C5D-229B-461B-BBEB-D19E656F76B9}"
EndProject
Project("{9A19103F-16F7-4668-BE54-9A1E7A4F7556}") = "PointMonolithic", "PointMonolithic\PointMonolithic.csproj", "{331ED0E1-1C4E-4353-A610-F22C1EF19979}"
EndProject
Project("{9A19103F-16F7-4668-BE54-9A1E7A4F7556}") = "AbstractClassesApp", "AbstractClassesApp\AbstractClassesApp.csproj", "{0DE3CA3F-22D6-4934-88E0-C3A80EC41C60}"
EndProject
Project("{9A19103F-16F7-4668-BE54-9A1E7A4F7556}") = "CollectionsApp", "CollectionsApp\CollectionsApp.csproj", "{5CF8ABF7-77C9-4BE1-91B3-B46CA61136E3}"
EndProject
Project("{9A19103F-16F7-4668-BE54-9A1E7A4F7556}") = "ProductsComparerApp", "ProductsComparerApp\ProductsComparerApp.csproj", "{2839C2A2-7B97-407F-B86E-2119450B959D}"
EndProject
Project("{9A19103F-16F7-4668-BE54-9A1E7A4F7556}") = "LinqApp", "LinqApp\LinqApp.csproj", "{B371B3F5-3FA9-4DE2-BFAF-E94AB3902CD2}"
EndProject
Project("{9A19103F-16F7-4668-BE54-9A1E7A4F7556}") = "StackApp", "StackApp\StackApp.csproj", "{F13ECECB-1963-4921-A613-B3DD4F0383C9}"
EndProject
Project("{9A19103F-16F7-4668-BE54-9A1E7A4F7556}") = "SinglyLinkedList", "SinglyLinkedList\SinglyLinkedList.csproj", "{51E41FBA-D414-42EF-8F0F-0330951BF7EF}"
EndProject
Project("{9A19103F-16F7-4668-BE54-9A1E7A4F7556}") = "FileManagement", "FileManagement\FileManagement.csproj", "{ACDD7C11-7FB6-4F06-BB58-83BB8EE6000A}"
EndProject
Project("{9A19103F-16F7-4668-BE54-9A1E7A4F7556}") = "WebAppStarter", "WebAppStarter\WebAppStarter.csproj", "{71173E24-34F5-4630-BAF0-84D7C4D1B1CD}"
EndProject
Project("{FAE04EC0-301F-11D3-BF4B-00C04F79EFBC}") = "CopyingBinaryFile", "CopyingBinaryFile\CopyingBinaryFile.csproj", "{29B4BCAE-0D77-4CDE-9715-D481D99DAE7E}"
EndProject
Global
	GlobalSection(SolutionConfigurationPlatforms) = preSolution
		Debug|Any CPU = Debug|Any CPU
		Release|Any CPU = Release|Any CPU
	EndGlobalSection
	GlobalSection(ProjectConfigurationPlatforms) = postSolution
		{A550A6AD-DA12-4BF0-BCD6-2B0D638C864C}.Debug|Any CPU.ActiveCfg = Debug|Any CPU
		{A550A6AD-DA12-4BF0-BCD6-2B0D638C864C}.Debug|Any CPU.Build.0 = Debug|Any CPU
		{A550A6AD-DA12-4BF0-BCD6-2B0D638C864C}.Release|Any CPU.ActiveCfg = Release|Any CPU
		{A550A6AD-DA12-4BF0-BCD6-2B0D638C864C}.Release|Any CPU.Build.0 = Release|Any CPU
		{F2476DA6-7D41-4332-8E66-03D12420142F}.Debug|Any CPU.ActiveCfg = Debug|Any CPU
		{F2476DA6-7D41-4332-8E66-03D12420142F}.Debug|Any CPU.Build.0 = Debug|Any CPU
		{F2476DA6-7D41-4332-8E66-03D12420142F}.Release|Any CPU.ActiveCfg = Release|Any CPU
		{F2476DA6-7D41-4332-8E66-03D12420142F}.Release|Any CPU.Build.0 = Release|Any CPU
		{09D50348-52D7-4588-B3C0-0AEDDBAF48C8}.Debug|Any CPU.ActiveCfg = Debug|Any CPU
		{09D50348-52D7-4588-B3C0-0AEDDBAF48C8}.Debug|Any CPU.Build.0 = Debug|Any CPU
		{09D50348-52D7-4588-B3C0-0AEDDBAF48C8}.Release|Any CPU.ActiveCfg = Release|Any CPU
		{09D50348-52D7-4588-B3C0-0AEDDBAF48C8}.Release|Any CPU.Build.0 = Release|Any CPU
		{B3E6256F-F852-4944-A37B-5A348D443EE8}.Debug|Any CPU.ActiveCfg = Debug|Any CPU
		{B3E6256F-F852-4944-A37B-5A348D443EE8}.Debug|Any CPU.Build.0 = Debug|Any CPU
		{B3E6256F-F852-4944-A37B-5A348D443EE8}.Release|Any CPU.ActiveCfg = Release|Any CPU
		{B3E6256F-F852-4944-A37B-5A348D443EE8}.Release|Any CPU.Build.0 = Release|Any CPU
		{D35ACFD4-5A9E-4785-BA1B-D807D3DBFC26}.Debug|Any CPU.ActiveCfg = Debug|Any CPU
		{D35ACFD4-5A9E-4785-BA1B-D807D3DBFC26}.Debug|Any CPU.Build.0 = Debug|Any CPU
		{D35ACFD4-5A9E-4785-BA1B-D807D3DBFC26}.Release|Any CPU.ActiveCfg = Release|Any CPU
		{D35ACFD4-5A9E-4785-BA1B-D807D3DBFC26}.Release|Any CPU.Build.0 = Release|Any CPU
		{EDB6963B-1142-4309-81B7-B8D5F4A65993}.Debug|Any CPU.ActiveCfg = Debug|Any CPU
		{EDB6963B-1142-4309-81B7-B8D5F4A65993}.Debug|Any CPU.Build.0 = Debug|Any CPU
		{EDB6963B-1142-4309-81B7-B8D5F4A65993}.Release|Any CPU.ActiveCfg = Release|Any CPU
		{EDB6963B-1142-4309-81B7-B8D5F4A65993}.Release|Any CPU.Build.0 = Release|Any CPU
		{10E97271-6829-4558-94DA-F05B87368042}.Debug|Any CPU.ActiveCfg = Debug|Any CPU
		{10E97271-6829-4558-94DA-F05B87368042}.Debug|Any CPU.Build.0 = Debug|Any CPU
		{10E97271-6829-4558-94DA-F05B87368042}.Release|Any CPU.ActiveCfg = Release|Any CPU
		{10E97271-6829-4558-94DA-F05B87368042}.Release|Any CPU.Build.0 = Release|Any CPU
		{AD09E18D-6DFE-46A9-A0DF-558699561C07}.Debug|Any CPU.ActiveCfg = Debug|Any CPU
		{AD09E18D-6DFE-46A9-A0DF-558699561C07}.Debug|Any CPU.Build.0 = Debug|Any CPU
		{AD09E18D-6DFE-46A9-A0DF-558699561C07}.Release|Any CPU.ActiveCfg = Release|Any CPU
		{AD09E18D-6DFE-46A9-A0DF-558699561C07}.Release|Any CPU.Build.0 = Release|Any CPU
		{CC2D1767-7663-4F4D-93BB-6BC848DB7949}.Debug|Any CPU.ActiveCfg = Debug|Any CPU
		{CC2D1767-7663-4F4D-93BB-6BC848DB7949}.Debug|Any CPU.Build.0 = Debug|Any CPU
		{CC2D1767-7663-4F4D-93BB-6BC848DB7949}.Release|Any CPU.ActiveCfg = Release|Any CPU
		{CC2D1767-7663-4F4D-93BB-6BC848DB7949}.Release|Any CPU.Build.0 = Release|Any CPU
		{23C2F8CF-4CAF-4962-978A-AB7DDEAFD23C}.Debug|Any CPU.ActiveCfg = Debug|Any CPU
		{23C2F8CF-4CAF-4962-978A-AB7DDEAFD23C}.Debug|Any CPU.Build.0 = Debug|Any CPU
		{23C2F8CF-4CAF-4962-978A-AB7DDEAFD23C}.Release|Any CPU.ActiveCfg = Release|Any CPU
		{23C2F8CF-4CAF-4962-978A-AB7DDEAFD23C}.Release|Any CPU.Build.0 = Release|Any CPU
		{4371D1E1-09E3-4905-9087-D6A945304D1F}.Debug|Any CPU.ActiveCfg = Debug|Any CPU
		{4371D1E1-09E3-4905-9087-D6A945304D1F}.Debug|Any CPU.Build.0 = Debug|Any CPU
		{4371D1E1-09E3-4905-9087-D6A945304D1F}.Release|Any CPU.ActiveCfg = Release|Any CPU
		{4371D1E1-09E3-4905-9087-D6A945304D1F}.Release|Any CPU.Build.0 = Release|Any CPU
		{97AAA711-88B2-4B4C-9E72-202CD907809C}.Debug|Any CPU.ActiveCfg = Debug|Any CPU
		{97AAA711-88B2-4B4C-9E72-202CD907809C}.Debug|Any CPU.Build.0 = Debug|Any CPU
		{97AAA711-88B2-4B4C-9E72-202CD907809C}.Release|Any CPU.ActiveCfg = Release|Any CPU
		{97AAA711-88B2-4B4C-9E72-202CD907809C}.Release|Any CPU.Build.0 = Release|Any CPU
		{57BCB033-B441-41B1-8DCC-0279B0827E33}.Debug|Any CPU.ActiveCfg = Debug|Any CPU
		{57BCB033-B441-41B1-8DCC-0279B0827E33}.Debug|Any CPU.Build.0 = Debug|Any CPU
		{57BCB033-B441-41B1-8DCC-0279B0827E33}.Release|Any CPU.ActiveCfg = Release|Any CPU
		{57BCB033-B441-41B1-8DCC-0279B0827E33}.Release|Any CPU.Build.0 = Release|Any CPU
		{DDFBA3A7-3D8B-4ACA-9B33-71CBD77FEA71}.Debug|Any CPU.ActiveCfg = Debug|Any CPU
		{DDFBA3A7-3D8B-4ACA-9B33-71CBD77FEA71}.Debug|Any CPU.Build.0 = Debug|Any CPU
		{DDFBA3A7-3D8B-4ACA-9B33-71CBD77FEA71}.Release|Any CPU.ActiveCfg = Release|Any CPU
		{DDFBA3A7-3D8B-4ACA-9B33-71CBD77FEA71}.Release|Any CPU.Build.0 = Release|Any CPU
		{05B99C6C-DFF6-4DCD-AA50-3F833811D12A}.Debug|Any CPU.ActiveCfg = Debug|Any CPU
		{05B99C6C-DFF6-4DCD-AA50-3F833811D12A}.Debug|Any CPU.Build.0 = Debug|Any CPU
		{05B99C6C-DFF6-4DCD-AA50-3F833811D12A}.Release|Any CPU.ActiveCfg = Release|Any CPU
		{05B99C6C-DFF6-4DCD-AA50-3F833811D12A}.Release|Any CPU.Build.0 = Release|Any CPU
		{CA258EE6-1014-4F4A-8BF2-CA56EA43C4A4}.Debug|Any CPU.ActiveCfg = Debug|Any CPU
		{CA258EE6-1014-4F4A-8BF2-CA56EA43C4A4}.Debug|Any CPU.Build.0 = Debug|Any CPU
		{CA258EE6-1014-4F4A-8BF2-CA56EA43C4A4}.Release|Any CPU.ActiveCfg = Release|Any CPU
		{CA258EE6-1014-4F4A-8BF2-CA56EA43C4A4}.Release|Any CPU.Build.0 = Release|Any CPU
		{6D64BF57-A468-4606-A624-E1D77BFE5094}.Debug|Any CPU.ActiveCfg = Debug|Any CPU
		{6D64BF57-A468-4606-A624-E1D77BFE5094}.Debug|Any CPU.Build.0 = Debug|Any CPU
		{6D64BF57-A468-4606-A624-E1D77BFE5094}.Release|Any CPU.ActiveCfg = Release|Any CPU
		{6D64BF57-A468-4606-A624-E1D77BFE5094}.Release|Any CPU.Build.0 = Release|Any CPU
		{2C61764C-E135-4735-B456-08A870C49AB5}.Debug|Any CPU.ActiveCfg = Debug|Any CPU
		{2C61764C-E135-4735-B456-08A870C49AB5}.Debug|Any CPU.Build.0 = Debug|Any CPU
		{2C61764C-E135-4735-B456-08A870C49AB5}.Release|Any CPU.ActiveCfg = Release|Any CPU
		{2C61764C-E135-4735-B456-08A870C49AB5}.Release|Any CPU.Build.0 = Release|Any CPU
		{2EA25FB1-C522-4651-9809-284E75B2C3D8}.Debug|Any CPU.ActiveCfg = Debug|Any CPU
		{2EA25FB1-C522-4651-9809-284E75B2C3D8}.Debug|Any CPU.Build.0 = Debug|Any CPU
		{2EA25FB1-C522-4651-9809-284E75B2C3D8}.Release|Any CPU.ActiveCfg = Release|Any CPU
		{2EA25FB1-C522-4651-9809-284E75B2C3D8}.Release|Any CPU.Build.0 = Release|Any CPU
		{90BDCB73-9C9E-4F0B-B808-DAD456ABC7E6}.Debug|Any CPU.ActiveCfg = Debug|Any CPU
		{90BDCB73-9C9E-4F0B-B808-DAD456ABC7E6}.Debug|Any CPU.Build.0 = Debug|Any CPU
		{90BDCB73-9C9E-4F0B-B808-DAD456ABC7E6}.Release|Any CPU.ActiveCfg = Release|Any CPU
		{90BDCB73-9C9E-4F0B-B808-DAD456ABC7E6}.Release|Any CPU.Build.0 = Release|Any CPU
		{975A297F-CAFD-4A69-96D3-79190C32CC44}.Debug|Any CPU.ActiveCfg = Debug|Any CPU
		{975A297F-CAFD-4A69-96D3-79190C32CC44}.Debug|Any CPU.Build.0 = Debug|Any CPU
		{975A297F-CAFD-4A69-96D3-79190C32CC44}.Release|Any CPU.ActiveCfg = Release|Any CPU
		{975A297F-CAFD-4A69-96D3-79190C32CC44}.Release|Any CPU.Build.0 = Release|Any CPU
		{49722093-84ED-4070-A76D-64C7713AF9A8}.Debug|Any CPU.ActiveCfg = Debug|Any CPU
		{49722093-84ED-4070-A76D-64C7713AF9A8}.Debug|Any CPU.Build.0 = Debug|Any CPU
		{49722093-84ED-4070-A76D-64C7713AF9A8}.Release|Any CPU.ActiveCfg = Release|Any CPU
		{49722093-84ED-4070-A76D-64C7713AF9A8}.Release|Any CPU.Build.0 = Release|Any CPU
		{58A425CF-0FE5-4A80-AE7D-437A1AF32644}.Debug|Any CPU.ActiveCfg = Debug|Any CPU
		{58A425CF-0FE5-4A80-AE7D-437A1AF32644}.Debug|Any CPU.Build.0 = Debug|Any CPU
		{58A425CF-0FE5-4A80-AE7D-437A1AF32644}.Release|Any CPU.ActiveCfg = Release|Any CPU
		{58A425CF-0FE5-4A80-AE7D-437A1AF32644}.Release|Any CPU.Build.0 = Release|Any CPU
		{C8BF3B7B-E6BB-4CDD-8C02-07F8FBAACE0A}.Debug|Any CPU.ActiveCfg = Debug|Any CPU
		{C8BF3B7B-E6BB-4CDD-8C02-07F8FBAACE0A}.Debug|Any CPU.Build.0 = Debug|Any CPU
		{C8BF3B7B-E6BB-4CDD-8C02-07F8FBAACE0A}.Release|Any CPU.ActiveCfg = Release|Any CPU
		{C8BF3B7B-E6BB-4CDD-8C02-07F8FBAACE0A}.Release|Any CPU.Build.0 = Release|Any CPU
		{94CEE437-A4D3-4DEF-A886-7DD9B98130C1}.Debug|Any CPU.ActiveCfg = Debug|Any CPU
		{94CEE437-A4D3-4DEF-A886-7DD9B98130C1}.Debug|Any CPU.Build.0 = Debug|Any CPU
		{94CEE437-A4D3-4DEF-A886-7DD9B98130C1}.Release|Any CPU.ActiveCfg = Release|Any CPU
		{94CEE437-A4D3-4DEF-A886-7DD9B98130C1}.Release|Any CPU.Build.0 = Release|Any CPU
		{9063F42B-60AC-43D1-89A4-B60FD81E6A65}.Debug|Any CPU.ActiveCfg = Debug|Any CPU
		{9063F42B-60AC-43D1-89A4-B60FD81E6A65}.Debug|Any CPU.Build.0 = Debug|Any CPU
		{9063F42B-60AC-43D1-89A4-B60FD81E6A65}.Release|Any CPU.ActiveCfg = Release|Any CPU
		{9063F42B-60AC-43D1-89A4-B60FD81E6A65}.Release|Any CPU.Build.0 = Release|Any CPU
		{76D93FCF-76BB-47E0-8FFF-CFC558BB3F38}.Debug|Any CPU.ActiveCfg = Debug|Any CPU
		{76D93FCF-76BB-47E0-8FFF-CFC558BB3F38}.Debug|Any CPU.Build.0 = Debug|Any CPU
		{76D93FCF-76BB-47E0-8FFF-CFC558BB3F38}.Release|Any CPU.ActiveCfg = Release|Any CPU
		{76D93FCF-76BB-47E0-8FFF-CFC558BB3F38}.Release|Any CPU.Build.0 = Release|Any CPU
		{2A2DE3A5-3E23-4010-8EC0-58FEAB6888E1}.Debug|Any CPU.ActiveCfg = Debug|Any CPU
		{2A2DE3A5-3E23-4010-8EC0-58FEAB6888E1}.Debug|Any CPU.Build.0 = Debug|Any CPU
		{2A2DE3A5-3E23-4010-8EC0-58FEAB6888E1}.Release|Any CPU.ActiveCfg = Release|Any CPU
		{2A2DE3A5-3E23-4010-8EC0-58FEAB6888E1}.Release|Any CPU.Build.0 = Release|Any CPU
		{5D5DD90D-A6DD-401E-B601-D312E2AE2B16}.Debug|Any CPU.ActiveCfg = Debug|Any CPU
		{5D5DD90D-A6DD-401E-B601-D312E2AE2B16}.Debug|Any CPU.Build.0 = Debug|Any CPU
		{5D5DD90D-A6DD-401E-B601-D312E2AE2B16}.Release|Any CPU.ActiveCfg = Release|Any CPU
		{5D5DD90D-A6DD-401E-B601-D312E2AE2B16}.Release|Any CPU.Build.0 = Release|Any CPU
		{30E09694-9CA4-4F9F-9E7A-F45A8605CC00}.Debug|Any CPU.ActiveCfg = Debug|Any CPU
		{30E09694-9CA4-4F9F-9E7A-F45A8605CC00}.Debug|Any CPU.Build.0 = Debug|Any CPU
		{30E09694-9CA4-4F9F-9E7A-F45A8605CC00}.Release|Any CPU.ActiveCfg = Release|Any CPU
		{30E09694-9CA4-4F9F-9E7A-F45A8605CC00}.Release|Any CPU.Build.0 = Release|Any CPU
		{C69C2C5D-229B-461B-BBEB-D19E656F76B9}.Debug|Any CPU.ActiveCfg = Debug|Any CPU
		{C69C2C5D-229B-461B-BBEB-D19E656F76B9}.Debug|Any CPU.Build.0 = Debug|Any CPU
		{C69C2C5D-229B-461B-BBEB-D19E656F76B9}.Release|Any CPU.ActiveCfg = Release|Any CPU
		{C69C2C5D-229B-461B-BBEB-D19E656F76B9}.Release|Any CPU.Build.0 = Release|Any CPU
		{331ED0E1-1C4E-4353-A610-F22C1EF19979}.Debug|Any CPU.ActiveCfg = Debug|Any CPU
		{331ED0E1-1C4E-4353-A610-F22C1EF19979}.Debug|Any CPU.Build.0 = Debug|Any CPU
		{331ED0E1-1C4E-4353-A610-F22C1EF19979}.Release|Any CPU.ActiveCfg = Release|Any CPU
		{331ED0E1-1C4E-4353-A610-F22C1EF19979}.Release|Any CPU.Build.0 = Release|Any CPU
		{0DE3CA3F-22D6-4934-88E0-C3A80EC41C60}.Debug|Any CPU.ActiveCfg = Debug|Any CPU
		{0DE3CA3F-22D6-4934-88E0-C3A80EC41C60}.Debug|Any CPU.Build.0 = Debug|Any CPU
		{0DE3CA3F-22D6-4934-88E0-C3A80EC41C60}.Release|Any CPU.ActiveCfg = Release|Any CPU
		{0DE3CA3F-22D6-4934-88E0-C3A80EC41C60}.Release|Any CPU.Build.0 = Release|Any CPU
		{5CF8ABF7-77C9-4BE1-91B3-B46CA61136E3}.Debug|Any CPU.ActiveCfg = Debug|Any CPU
		{5CF8ABF7-77C9-4BE1-91B3-B46CA61136E3}.Debug|Any CPU.Build.0 = Debug|Any CPU
		{5CF8ABF7-77C9-4BE1-91B3-B46CA61136E3}.Release|Any CPU.ActiveCfg = Release|Any CPU
		{5CF8ABF7-77C9-4BE1-91B3-B46CA61136E3}.Release|Any CPU.Build.0 = Release|Any CPU
		{2839C2A2-7B97-407F-B86E-2119450B959D}.Debug|Any CPU.ActiveCfg = Debug|Any CPU
		{2839C2A2-7B97-407F-B86E-2119450B959D}.Debug|Any CPU.Build.0 = Debug|Any CPU
		{2839C2A2-7B97-407F-B86E-2119450B959D}.Release|Any CPU.ActiveCfg = Release|Any CPU
		{2839C2A2-7B97-407F-B86E-2119450B959D}.Release|Any CPU.Build.0 = Release|Any CPU
		{B371B3F5-3FA9-4DE2-BFAF-E94AB3902CD2}.Debug|Any CPU.ActiveCfg = Debug|Any CPU
		{B371B3F5-3FA9-4DE2-BFAF-E94AB3902CD2}.Debug|Any CPU.Build.0 = Debug|Any CPU
		{B371B3F5-3FA9-4DE2-BFAF-E94AB3902CD2}.Release|Any CPU.ActiveCfg = Release|Any CPU
		{B371B3F5-3FA9-4DE2-BFAF-E94AB3902CD2}.Release|Any CPU.Build.0 = Release|Any CPU
		{F13ECECB-1963-4921-A613-B3DD4F0383C9}.Debug|Any CPU.ActiveCfg = Debug|Any CPU
		{F13ECECB-1963-4921-A613-B3DD4F0383C9}.Debug|Any CPU.Build.0 = Debug|Any CPU
		{F13ECECB-1963-4921-A613-B3DD4F0383C9}.Release|Any CPU.ActiveCfg = Release|Any CPU
		{F13ECECB-1963-4921-A613-B3DD4F0383C9}.Release|Any CPU.Build.0 = Release|Any CPU
		{51E41FBA-D414-42EF-8F0F-0330951BF7EF}.Debug|Any CPU.ActiveCfg = Debug|Any CPU
		{51E41FBA-D414-42EF-8F0F-0330951BF7EF}.Debug|Any CPU.Build.0 = Debug|Any CPU
		{51E41FBA-D414-42EF-8F0F-0330951BF7EF}.Release|Any CPU.ActiveCfg = Release|Any CPU
		{51E41FBA-D414-42EF-8F0F-0330951BF7EF}.Release|Any CPU.Build.0 = Release|Any CPU
		{ACDD7C11-7FB6-4F06-BB58-83BB8EE6000A}.Debug|Any CPU.ActiveCfg = Debug|Any CPU
		{ACDD7C11-7FB6-4F06-BB58-83BB8EE6000A}.Debug|Any CPU.Build.0 = Debug|Any CPU
		{ACDD7C11-7FB6-4F06-BB58-83BB8EE6000A}.Release|Any CPU.ActiveCfg = Release|Any CPU
		{ACDD7C11-7FB6-4F06-BB58-83BB8EE6000A}.Release|Any CPU.Build.0 = Release|Any CPU
		{71173E24-34F5-4630-BAF0-84D7C4D1B1CD}.Debug|Any CPU.ActiveCfg = Debug|Any CPU
		{71173E24-34F5-4630-BAF0-84D7C4D1B1CD}.Debug|Any CPU.Build.0 = Debug|Any CPU
		{71173E24-34F5-4630-BAF0-84D7C4D1B1CD}.Release|Any CPU.ActiveCfg = Release|Any CPU
		{71173E24-34F5-4630-BAF0-84D7C4D1B1CD}.Release|Any CPU.Build.0 = Release|Any CPU
		{29B4BCAE-0D77-4CDE-9715-D481D99DAE7E}.Debug|Any CPU.ActiveCfg = Debug|Any CPU
		{29B4BCAE-0D77-4CDE-9715-D481D99DAE7E}.Debug|Any CPU.Build.0 = Debug|Any CPU
		{29B4BCAE-0D77-4CDE-9715-D481D99DAE7E}.Release|Any CPU.ActiveCfg = Release|Any CPU
		{29B4BCAE-0D77-4CDE-9715-D481D99DAE7E}.Release|Any CPU.Build.0 = Release|Any CPU
	EndGlobalSection
	GlobalSection(SolutionProperties) = preSolution
		HideSolutionNode = FALSE
	EndGlobalSection
	GlobalSection(ExtensibilityGlobals) = postSolution
		SolutionGuid = {DD84A7AB-E0FA-4EDD-B2A6-4056B1547765}
	EndGlobalSection
EndGlobal
